
Microsoft Visual Studio Solution File, Format Version 12.00
# Visual Studio Version 17
VisualStudioVersion = 17.1.32319.34
MinimumVisualStudioVersion = 10.0.40219.1
Project("{9A19103F-16F7-4668-BE54-9A1E7A4F7556}") = "TangyWeb.Server", "TangyWeb.Server\TangyWeb.Server.csproj", "{E86CF28B-5AFB-4B70-9CDC-1DD08101F588}"
EndProject
Project("{9A19103F-16F7-4668-BE54-9A1E7A4F7556}") = "TangyWeb.Client", "TangyWeb.Client\TangyWeb.Client.csproj", "{536DF8DC-45C3-4A7C-99A6-1ABDF9DB03A9}"
EndProject
Project("{9A19103F-16F7-4668-BE54-9A1E7A4F7556}") = "Tangy.Models", "Tangy.Models\Tangy.Models.csproj", "{F7758129-C4F6-4681-8B42-6E942D03747F}"
EndProject
Project("{FAE04EC0-301F-11D3-BF4B-00C04F79EFBC}") = "Tangy.Business", "Tangy_Business\Tangy.Business.csproj", "{709B2F21-13FF-44C2-A877-022E48ED4B1D}"
EndProject
Project("{FAE04EC0-301F-11D3-BF4B-00C04F79EFBC}") = "Tangy.Common", "Tangy.Common\Tangy.Common.csproj", "{4EFD539A-7152-4BB7-ACF6-4E3D47A8181D}"
EndProject
Project("{FAE04EC0-301F-11D3-BF4B-00C04F79EFBC}") = "Tangy.Data", "Tangy.Data\Tangy.Data.csproj", "{8D50A8B2-2757-4349-9BBE-6D4100F22C67}"
EndProject
Global
	GlobalSection(SolutionConfigurationPlatforms) = preSolution
		Debug|Any CPU = Debug|Any CPU
		Release|Any CPU = Release|Any CPU
	EndGlobalSection
	GlobalSection(ProjectConfigurationPlatforms) = postSolution
		{E86CF28B-5AFB-4B70-9CDC-1DD08101F588}.Debug|Any CPU.ActiveCfg = Debug|Any CPU
		{E86CF28B-5AFB-4B70-9CDC-1DD08101F588}.Debug|Any CPU.Build.0 = Debug|Any CPU
		{E86CF28B-5AFB-4B70-9CDC-1DD08101F588}.Release|Any CPU.ActiveCfg = Release|Any CPU
		{E86CF28B-5AFB-4B70-9CDC-1DD08101F588}.Release|Any CPU.Build.0 = Release|Any CPU
		{536DF8DC-45C3-4A7C-99A6-1ABDF9DB03A9}.Debug|Any CPU.ActiveCfg = Debug|Any CPU
		{536DF8DC-45C3-4A7C-99A6-1ABDF9DB03A9}.Debug|Any CPU.Build.0 = Debug|Any CPU
		{536DF8DC-45C3-4A7C-99A6-1ABDF9DB03A9}.Release|Any CPU.ActiveCfg = Release|Any CPU
		{536DF8DC-45C3-4A7C-99A6-1ABDF9DB03A9}.Release|Any CPU.Build.0 = Release|Any CPU
		{F7758129-C4F6-4681-8B42-6E942D03747F}.Debug|Any CPU.ActiveCfg = Debug|Any CPU
		{F7758129-C4F6-4681-8B42-6E942D03747F}.Debug|Any CPU.Build.0 = Debug|Any CPU
		{F7758129-C4F6-4681-8B42-6E942D03747F}.Release|Any CPU.ActiveCfg = Release|Any CPU
		{F7758129-C4F6-4681-8B42-6E942D03747F}.Release|Any CPU.Build.0 = Release|Any CPU
		{709B2F21-13FF-44C2-A877-022E48ED4B1D}.Debug|Any CPU.ActiveCfg = Debug|Any CPU
		{709B2F21-13FF-44C2-A877-022E48ED4B1D}.Debug|Any CPU.Build.0 = Debug|Any CPU
		{709B2F21-13FF-44C2-A877-022E48ED4B1D}.Release|Any CPU.ActiveCfg = Release|Any CPU
		{709B2F21-13FF-44C2-A877-022E48ED4B1D}.Release|Any CPU.Build.0 = Release|Any CPU
		{4EFD539A-7152-4BB7-ACF6-4E3D47A8181D}.Debug|Any CPU.ActiveCfg = Debug|Any CPU
		{4EFD539A-7152-4BB7-ACF6-4E3D47A8181D}.Debug|Any CPU.Build.0 = Debug|Any CPU
		{4EFD539A-7152-4BB7-ACF6-4E3D47A8181D}.Release|Any CPU.ActiveCfg = Release|Any CPU
		{4EFD539A-7152-4BB7-ACF6-4E3D47A8181D}.Release|Any CPU.Build.0 = Release|Any CPU
		{8D50A8B2-2757-4349-9BBE-6D4100F22C67}.Debug|Any CPU.ActiveCfg = Debug|Any CPU
		{8D50A8B2-2757-4349-9BBE-6D4100F22C67}.Debug|Any CPU.Build.0 = Debug|Any CPU
		{8D50A8B2-2757-4349-9BBE-6D4100F22C67}.Release|Any CPU.ActiveCfg = Release|Any CPU
		{8D50A8B2-2757-4349-9BBE-6D4100F22C67}.Release|Any CPU.Build.0 = Release|Any CPU
	EndGlobalSection
	GlobalSection(SolutionProperties) = preSolution
		HideSolutionNode = FALSE
	EndGlobalSection
	GlobalSection(ExtensibilityGlobals) = postSolution
		SolutionGuid = {9705F4DD-9C5C-4A9B-ADEA-0127AC78DC43}
	EndGlobalSection
EndGlobal
